
Microsoft Visual Studio Solution File, Format Version 12.00
# Visual Studio Version 16
VisualStudioVersion = 16.0.30406.217
MinimumVisualStudioVersion = 10.0.40219.1
Project("{FAE04EC0-301F-11D3-BF4B-00C04F79EFBC}") = "ConsoleApp2", "ConsoleApp2.csproj", "{219F56CA-BF64-4749-A579-84AEADF5F713}"
EndProject
Global
	GlobalSection(SolutionConfigurationPlatforms) = preSolution
		Debug|Any CPU = Debug|Any CPU
		Release|Any CPU = Release|Any CPU
	EndGlobalSection
	GlobalSection(ProjectConfigurationPlatforms) = postSolution
		{219F56CA-BF64-4749-A579-84AEADF5F713}.Debug|Any CPU.ActiveCfg = Debug|Any CPU
		{219F56CA-BF64-4749-A579-84AEADF5F713}.Debug|Any CPU.Build.0 = Debug|Any CPU
		{219F56CA-BF64-4749-A579-84AEADF5F713}.Release|Any CPU.ActiveCfg = Release|Any CPU
		{219F56CA-BF64-4749-A579-84AEADF5F713}.Release|Any CPU.Build.0 = Release|Any CPU
	EndGlobalSection
	GlobalSection(SolutionProperties) = preSolution
		HideSolutionNode = FALSE
	EndGlobalSection
	GlobalSection(ExtensibilityGlobals) = postSolution
		SolutionGuid = {205789C9-B6AC-4176-8E89-16B25882FA68}
	EndGlobalSection
EndGlobal
